
Microsoft Visual Studio Solution File, Format Version 12.00
# Visual Studio Version 16
VisualStudioVersion = 16.0.31613.86
MinimumVisualStudioVersion = 10.0.40219.1
Project("{9A19103F-16F7-4668-BE54-9A1E7A4F7556}") = "EnumExtencions", "EnumExtencions\EnumExtencions.csproj", "{80DF6CC3-D757-4A86-B40F-A91050BED761}"
EndProject
Global
	GlobalSection(SolutionConfigurationPlatforms) = preSolution
		Debug|x64 = Debug|x64
		Release|x64 = Release|x64
	EndGlobalSection
	GlobalSection(ProjectConfigurationPlatforms) = postSolution
		{80DF6CC3-D757-4A86-B40F-A91050BED761}.Debug|x64.ActiveCfg = Debug|x64
		{80DF6CC3-D757-4A86-B40F-A91050BED761}.Debug|x64.Build.0 = Debug|x64
		{80DF6CC3-D757-4A86-B40F-A91050BED761}.Release|x64.ActiveCfg = Release|x64
		{80DF6CC3-D757-4A86-B40F-A91050BED761}.Release|x64.Build.0 = Release|x64
	EndGlobalSection
	GlobalSection(SolutionProperties) = preSolution
		HideSolutionNode = FALSE
	EndGlobalSection
	GlobalSection(ExtensibilityGlobals) = postSolution
		SolutionGuid = {B9902F20-8F1B-4D13-8A42-4F1148E5378F}
	EndGlobalSection
EndGlobal
