
Microsoft Visual Studio Solution File, Format Version 12.00
# Visual Studio Version 16
VisualStudioVersion = 16.0.31605.320
MinimumVisualStudioVersion = 10.0.40219.1
Project("{FAE04EC0-301F-11D3-BF4B-00C04F79EFBC}") = "LinqDec", "LinqDec\LinqDec.csproj", "{188CB1FD-68C2-435F-85F0-BAA373E65506}"
EndProject
Global
	GlobalSection(SolutionConfigurationPlatforms) = preSolution
		Debug|Any CPU = Debug|Any CPU
		Release|Any CPU = Release|Any CPU
	EndGlobalSection
	GlobalSection(ProjectConfigurationPlatforms) = postSolution
		{188CB1FD-68C2-435F-85F0-BAA373E65506}.Debug|Any CPU.ActiveCfg = Debug|Any CPU
		{188CB1FD-68C2-435F-85F0-BAA373E65506}.Debug|Any CPU.Build.0 = Debug|Any CPU
		{188CB1FD-68C2-435F-85F0-BAA373E65506}.Release|Any CPU.ActiveCfg = Release|Any CPU
		{188CB1FD-68C2-435F-85F0-BAA373E65506}.Release|Any CPU.Build.0 = Release|Any CPU
	EndGlobalSection
	GlobalSection(SolutionProperties) = preSolution
		HideSolutionNode = FALSE
	EndGlobalSection
	GlobalSection(ExtensibilityGlobals) = postSolution
		SolutionGuid = {79FACD68-8BA4-4864-87E7-3A9ABD01377C}
	EndGlobalSection
EndGlobal
